{
  "nodes": {
    "base16-schemes": {
      "flake": false,
      "locked": {
        "lastModified": 1654895891,
        "narHash": "sha256-xYYmZkHnyLCUBAkqkZ7v1Lc5m39857MukQLMRtGuvdk=",
        "owner": "base16-project",
        "repo": "base16-schemes",
        "rev": "7c247f734eac7f04518c6e28d098635ee8dcabf5",
        "type": "github"
      },
      "original": {
        "owner": "base16-project",
        "repo": "base16-schemes",
        "type": "github"
      }
    },
    "fallback": {
      "locked": {
        "lastModified": 1668326430,
        "narHash": "sha256-fJEsHe+lzFf3qcQVTTdK9jqRtUUVXH71tdfgjcKJNpA=",
        "owner": "nixos",
        "repo": "nixpkgs",
        "rev": "fc07622617a373a742ed96d4dd536849d4bc1ec6",
        "type": "github"
      },
      "original": {
        "owner": "nixos",
        "ref": "nixos-unstable-small",
        "repo": "nixpkgs",
        "type": "github"
      }
    },
    "flake-utils": {
      "locked": {
        "lastModified": 1659877975,
        "narHash": "sha256-zllb8aq3YO3h8B/U0/J1WBgAL8EX5yWf5pMj3G0NAmc=",
        "owner": "numtide",
        "repo": "flake-utils",
        "rev": "c0e246b9b83f637f4681389ecabcb2681b4f3af0",
        "type": "github"
      },
      "original": {
        "owner": "numtide",
        "repo": "flake-utils",
        "type": "github"
      }
    },
    "hardware": {
      "locked": {
        "lastModified": 1668334946,
        "narHash": "sha256-omMbUj4r5DVBWh7KxkoO/Z/1V1shVR6Ls4jXNB4mr3U=",
        "owner": "nixos",
        "repo": "nixos-hardware",
        "rev": "e0452b33ab0ef16ffe075e980644ed92a6a200bb",
        "type": "github"
      },
      "original": {
        "owner": "nixos",
        "repo": "nixos-hardware",
        "type": "github"
      }
    },
    "home-manager": {
      "inputs": {
        "nixpkgs": [
          "nixpkgs"
        ],
        "utils": "utils"
      },
      "locked": {
        "lastModified": 1666080735,
        "narHash": "sha256-4YWYJgzt9mGuAvXAuEziYms+bYlk/1spyt3iLizRL5I=",
        "owner": "nix-community",
        "repo": "home-manager",
        "rev": "42f81ac107c5a9a177888080107094dba57f134e",
        "type": "github"
      },
      "original": {
        "owner": "nix-community",
        "repo": "home-manager",
        "type": "github"
      }
    },
    "master": {
      "locked": {
        "lastModified": 1668443372,
        "narHash": "sha256-lXNlVyNWwO22/JUdBtUWz68jZB3DM+Jq/irlsbwncI0=",
        "owner": "nixos",
        "repo": "nixpkgs",
        "rev": "dad4de1694cd92d9a0e123bfdf134d0047b836a5",
        "type": "github"
      },
      "original": {
        "owner": "nixos",
        "ref": "master",
        "repo": "nixpkgs",
        "type": "github"
      }
    },
    "nix-colors": {
      "inputs": {
        "base16-schemes": "base16-schemes",
        "nixpkgs-lib": "nixpkgs-lib"
      },
      "locked": {
        "lastModified": 1667165773,
        "narHash": "sha256-47gEPN7UKrNM+a3OKAFtNQeyc1/sSPgDm3OGCgphCyo=",
        "owner": "misterio77",
        "repo": "nix-colors",
        "rev": "a58fb210eb285920ec10f204d007185b3629cadc",
        "type": "github"
      },
      "original": {
        "owner": "misterio77",
        "repo": "nix-colors",
        "type": "github"
      }
    },
    "nixpkgs-lib": {
      "locked": {
        "lastModified": 1655599917,
        "narHash": "sha256-kjZbt5WdTrnjMxL79okg9TCoRUdADG50x/TWozbyTsE=",
        "owner": "nix-community",
        "repo": "nixpkgs.lib",
        "rev": "5fb55578aa2f1a502d636a8ac71aece57cb730bb",
        "type": "github"
      },
      "original": {
        "owner": "nix-community",
        "repo": "nixpkgs.lib",
        "type": "github"
      }
    },
    "nur": {
      "locked": {
        "lastModified": 1668439646,
        "narHash": "sha256-6ImukgwTQXvJWxkk3vvlsswWI16hZbdaOxx+49rlDkg=",
        "owner": "nix-community",
        "repo": "NUR",
        "rev": "437d04eb2226617399797449a5bbf847d3324240",
        "type": "github"
      },
      "original": {
        "owner": "nix-community",
        "repo": "NUR",
        "type": "github"
      }
    },
    "root": {
      "inputs": {
        "fallback": "fallback",
        "flake-utils": "flake-utils",
        "hardware": "hardware",
        "home-manager": "home-manager",
        "master": "master",
        "nix-colors": "nix-colors",
        "nixpkgs": [
          "unstable"
        ],
        "nur": "nur",
        "unstable": "unstable"
      }
    },
    "unstable": {
      "locked": {
        "lastModified": 1665940183,
        "narHash": "sha256-cPe3F7CtnxU9YbJpc3Adl4d9kX+turqTv5FxM98i8vg=",
        "owner": "nixos",
        "repo": "nixpkgs",
        "rev": "104e8082de1b20f9d0e1f05b1028795ed0e0e4bc",
        "type": "github"
      },
      "original": {
        "owner": "nixos",
        "ref": "nixos-unstable",
        "repo": "nixpkgs",
        "type": "github"
      }
    },
    "utils": {
      "locked": {
        "lastModified": 1659877975,
        "narHash": "sha256-zllb8aq3YO3h8B/U0/J1WBgAL8EX5yWf5pMj3G0NAmc=",
        "owner": "numtide",
        "repo": "flake-utils",
        "rev": "c0e246b9b83f637f4681389ecabcb2681b4f3af0",
        "type": "github"
      },
      "original": {
        "owner": "numtide",
        "repo": "flake-utils",
        "type": "github"
      }
    }
  },
  "root": "root",
  "version": 7
}
