{
  "nodes": {
    "fallback": {
      "locked": {
        "lastModified": 1724949630,
        "narHash": "sha256-KW5znP3FMilg6YamxQxJgfLsyjSlK9o4IKY9RO3Cm3k=",
        "owner": "nixos",
        "repo": "nixpkgs",
        "rev": "88940ce4f1c20b438e624b41bd09b4b030456873",
        "type": "github"
      },
      "original": {
        "owner": "nixos",
        "ref": "nixos-24.05-small",
        "repo": "nixpkgs",
        "type": "github"
      }
    },
    "feh-random-background": {
      "flake": false,
      "locked": {
        "lastModified": 1677382200,
        "narHash": "sha256-sleNDucjlvc+qknUeIf+SoPSuaSlAX3bZtw7KvlyQUE=",
        "owner": "KoviRobi",
        "repo": "feh-random-background",
        "rev": "33659d5de598ba41ad042edc0daabd3efa12b6cc",
        "type": "github"
      },
      "original": {
        "owner": "KoviRobi",
        "repo": "feh-random-background",
        "type": "github"
      }
    },
    "flake-utils": {
      "locked": {
        "lastModified": 1667395993,
        "narHash": "sha256-nuEHfE/LcWyuSWnS8t12N1wc105Qtau+/OdUAjtQ0rA=",
        "path": "/nix/store/sk4ga2wy0b02k7pnzakwq4r3jdknda4g-source",
        "rev": "5aed5285a952e0b949eb3ba02c12fa4fcfef535f",
        "type": "path"
      },
      "original": {
        "id": "flake-utils",
        "type": "indirect"
      }
    },
    "hardware": {
      "locked": {
        "lastModified": 1724878143,
        "narHash": "sha256-UjpKo92iZ25M05kgSOw/Ti6VZwpgdlOa73zHj8OcaDk=",
        "owner": "nixos",
        "repo": "nixos-hardware",
        "rev": "95c3dfe6ef2e96ddc1ccdd7194e3cda02ca9a8ef",
        "type": "github"
      },
      "original": {
        "owner": "nixos",
        "repo": "nixos-hardware",
        "type": "github"
      }
    },
    "home-manager": {
      "inputs": {
        "nixpkgs": [
          "nixpkgs"
        ]
      },
      "locked": {
        "lastModified": 1720042825,
        "narHash": "sha256-A0vrUB6x82/jvf17qPCpxaM+ulJnD8YZwH9Ci0BsAzE=",
        "owner": "nix-community",
        "repo": "home-manager",
        "rev": "e1391fb22e18a36f57e6999c7a9f966dc80ac073",
        "type": "github"
      },
      "original": {
        "owner": "nix-community",
        "ref": "release-24.05",
        "repo": "home-manager",
        "type": "github"
      }
    },
    "master": {
      "locked": {
        "lastModified": 1725004448,
        "narHash": "sha256-bPnnlkS9qb1nMwPxqRZ8BpX0ibkTON+fM/rDYQO/Olo=",
        "owner": "nixos",
        "repo": "nixpkgs",
        "rev": "dce00c0b4231c8347f9ffefb21baad47d361d811",
        "type": "github"
      },
      "original": {
        "owner": "nixos",
        "ref": "master",
        "repo": "nixpkgs",
        "type": "github"
      }
    },
    "nix2lua": {
      "locked": {
        "lastModified": 1716215210,
        "narHash": "sha256-GjwpjhNGdrGH0dElAvcKSFY3nbRw4JYOKtKMmhMsEWw=",
        "ref": "refs/heads/main",
        "rev": "4d3ae67617c2c1301a1a90601e20e15614d20319",
        "revCount": 52,
        "type": "git",
        "url": "https://git.pleshevski.ru/mynix/nix2lua"
      },
      "original": {
        "type": "git",
        "url": "https://git.pleshevski.ru/mynix/nix2lua"
      }
    },
    "nixpkgs": {
      "locked": {
        "lastModified": 1721466660,
        "narHash": "sha256-pFSxgSZqZ3h+5Du0KvEL1ccDZBwu4zvOil1zzrPNb3c=",
        "owner": "NixOS",
        "repo": "nixpkgs",
        "rev": "6e14bbce7bea6c4efd7adfa88a40dac750d80100",
        "type": "github"
      },
      "original": {
        "owner": "NixOS",
        "ref": "nixpkgs-unstable",
        "repo": "nixpkgs",
        "type": "github"
      }
    },
    "nixpkgs-stable": {
      "locked": {
        "lastModified": 1721524707,
        "narHash": "sha256-5NctRsoE54N86nWd0psae70YSLfrOek3Kv1e8KoXe/0=",
        "owner": "NixOS",
        "repo": "nixpkgs",
        "rev": "556533a23879fc7e5f98dd2e0b31a6911a213171",
        "type": "github"
      },
      "original": {
        "owner": "NixOS",
        "ref": "release-24.05",
        "repo": "nixpkgs",
        "type": "github"
      }
    },
    "nur": {
      "locked": {
        "lastModified": 1725005047,
        "narHash": "sha256-aOWD3f0lrSKxEhLUiXEWx0HivldrQFNLtgITkE1Xkwo=",
        "owner": "nix-community",
        "repo": "NUR",
        "rev": "383616340f6312002a185f8c605bd96e59e37ae0",
        "type": "github"
      },
      "original": {
        "owner": "nix-community",
        "repo": "NUR",
        "type": "github"
      }
    },
    "root": {
      "inputs": {
        "fallback": "fallback",
        "feh-random-background": "feh-random-background",
        "flake-utils": "flake-utils",
        "hardware": "hardware",
        "home-manager": "home-manager",
        "master": "master",
        "nix2lua": "nix2lua",
        "nixpkgs": [
          "stable"
        ],
        "nur": "nur",
        "sops-nix": "sops-nix",
        "stable": "stable",
        "unstable": "unstable",
        "wallpapers": "wallpapers"
      }
    },
    "sops-nix": {
      "inputs": {
        "nixpkgs": "nixpkgs",
        "nixpkgs-stable": "nixpkgs-stable"
      },
      "locked": {
        "lastModified": 1723501126,
        "narHash": "sha256-N9IcHgj/p1+2Pvk8P4Zc1bfrMwld5PcosVA0nL6IGdE=",
        "owner": "Mic92",
        "repo": "sops-nix",
        "rev": "be0eec2d27563590194a9206f551a6f73d52fa34",
        "type": "github"
      },
      "original": {
        "owner": "Mic92",
        "repo": "sops-nix",
        "type": "github"
      }
    },
    "stable": {
      "locked": {
        "lastModified": 1724855419,
        "narHash": "sha256-WXHSyOF4nBX0cvHN3DfmEMcLOVdKH6tnMk9FQ8wTNRc=",
        "owner": "nixos",
        "repo": "nixpkgs",
        "rev": "ae2fc9e0e42caaf3f068c1bfdc11c71734125e06",
        "type": "github"
      },
      "original": {
        "owner": "nixos",
        "ref": "nixos-24.05",
        "repo": "nixpkgs",
        "type": "github"
      }
    },
    "unstable": {
      "locked": {
        "lastModified": 1724819573,
        "narHash": "sha256-GnR7/ibgIH1vhoy8cYdmXE6iyZqKqFxQSVkFgosBh6w=",
        "owner": "nixos",
        "repo": "nixpkgs",
        "rev": "71e91c409d1e654808b2621f28a327acfdad8dc2",
        "type": "github"
      },
      "original": {
        "owner": "nixos",
        "ref": "nixos-unstable",
        "repo": "nixpkgs",
        "type": "github"
      }
    },
    "wallpapers": {
      "flake": false,
      "locked": {
        "lastModified": 1656339717,
        "narHash": "sha256-d5x2wM5gFvO3aR1exjFRHhzcNEXTR7VzUYDdYXBl0CI=",
        "owner": "DPDmancul",
        "repo": "dotfiles-wallpapers",
        "rev": "c53efad749e18886619e50bb9348d963022174b8",
        "type": "gitlab"
      },
      "original": {
        "owner": "DPDmancul",
        "repo": "dotfiles-wallpapers",
        "type": "gitlab"
      }
    }
  },
  "root": "root",
  "version": 7
}
