{
  "nodes": {
    "fallback": {
      "locked": {
        "lastModified": 1717111066,
        "narHash": "sha256-3lK95ALr5/0GZhsRI7XZgTKFg5HmMIi7xn/8fHuQvKk=",
        "owner": "nixos",
        "repo": "nixpkgs",
        "rev": "0f1a94c815595e1bb4143368d407b2ceb0618931",
        "type": "github"
      },
      "original": {
        "owner": "nixos",
        "ref": "nixos-24.05-small",
        "repo": "nixpkgs",
        "type": "github"
      }
    },
    "feh-random-background": {
      "flake": false,
      "locked": {
        "lastModified": 1677382200,
        "narHash": "sha256-sleNDucjlvc+qknUeIf+SoPSuaSlAX3bZtw7KvlyQUE=",
        "owner": "KoviRobi",
        "repo": "feh-random-background",
        "rev": "33659d5de598ba41ad042edc0daabd3efa12b6cc",
        "type": "github"
      },
      "original": {
        "owner": "KoviRobi",
        "repo": "feh-random-background",
        "type": "github"
      }
    },
    "flake-utils": {
      "locked": {
        "lastModified": 1667395993,
        "narHash": "sha256-nuEHfE/LcWyuSWnS8t12N1wc105Qtau+/OdUAjtQ0rA=",
        "path": "/nix/store/sk4ga2wy0b02k7pnzakwq4r3jdknda4g-source",
        "rev": "5aed5285a952e0b949eb3ba02c12fa4fcfef535f",
        "type": "path"
      },
      "original": {
        "id": "flake-utils",
        "type": "indirect"
      }
    },
    "hardware": {
      "locked": {
        "lastModified": 1716987116,
        "narHash": "sha256-uuEkErFVsFdg2K0cKbNQ9JlFSAm/xYqPr4rbPLI91Y8=",
        "owner": "nixos",
        "repo": "nixos-hardware",
        "rev": "8251761f93d6f5b91cee45ac09edb6e382641009",
        "type": "github"
      },
      "original": {
        "owner": "nixos",
        "repo": "nixos-hardware",
        "type": "github"
      }
    },
    "home-manager": {
      "inputs": {
        "nixpkgs": [
          "nixpkgs"
        ]
      },
      "locked": {
        "lastModified": 1716736833,
        "narHash": "sha256-rNObca6dm7Qs524O4st8VJH6pZ/Xe1gxl+Rx6mcWYo0=",
        "owner": "nix-community",
        "repo": "home-manager",
        "rev": "a631666f5ec18271e86a5cde998cba68c33d9ac6",
        "type": "github"
      },
      "original": {
        "owner": "nix-community",
        "ref": "release-24.05",
        "repo": "home-manager",
        "type": "github"
      }
    },
    "master": {
      "locked": {
        "lastModified": 1717189905,
        "narHash": "sha256-QUVrqH61KbW8X+pVNIexkTQM+Jdu4IWMxjyqVp/IaXI=",
        "owner": "nixos",
        "repo": "nixpkgs",
        "rev": "e45abe6d478dc2cc40a94ebf99c7eeeffac7abd5",
        "type": "github"
      },
      "original": {
        "owner": "nixos",
        "ref": "master",
        "repo": "nixpkgs",
        "type": "github"
      }
    },
    "nix2lua": {
      "locked": {
        "lastModified": 1716215210,
        "narHash": "sha256-GjwpjhNGdrGH0dElAvcKSFY3nbRw4JYOKtKMmhMsEWw=",
        "ref": "refs/heads/main",
        "rev": "4d3ae67617c2c1301a1a90601e20e15614d20319",
        "revCount": 52,
        "type": "git",
        "url": "https://git.pleshevski.ru/mynix/nix2lua"
      },
      "original": {
        "type": "git",
        "url": "https://git.pleshevski.ru/mynix/nix2lua"
      }
    },
    "nixpkgs": {
      "locked": {
        "lastModified": 1716651315,
        "narHash": "sha256-iMgzIeedMqf30TXZ439zW3Yvng1Xm9QTGO+ZwG1IWSw=",
        "owner": "NixOS",
        "repo": "nixpkgs",
        "rev": "c5187508b11177ef4278edf19616f44f21cc8c69",
        "type": "github"
      },
      "original": {
        "owner": "NixOS",
        "ref": "nixpkgs-unstable",
        "repo": "nixpkgs",
        "type": "github"
      }
    },
    "nixpkgs-stable": {
      "locked": {
        "lastModified": 1716655032,
        "narHash": "sha256-kQ25DAiCGigsNR/Quxm3v+JGXAEXZ8I7RAF4U94bGzE=",
        "owner": "NixOS",
        "repo": "nixpkgs",
        "rev": "59a450646ec8ee0397f5fa54a08573e8240eb91f",
        "type": "github"
      },
      "original": {
        "owner": "NixOS",
        "ref": "release-23.11",
        "repo": "nixpkgs",
        "type": "github"
      }
    },
    "nur": {
      "locked": {
        "lastModified": 1717184783,
        "narHash": "sha256-M9FFzkGUqIP7t8IwRCymfrItumaMZxYYblTCWI5/2X4=",
        "owner": "nix-community",
        "repo": "NUR",
        "rev": "4455ab5249d6382c73fa835fac5343f4f5476c74",
        "type": "github"
      },
      "original": {
        "owner": "nix-community",
        "repo": "NUR",
        "type": "github"
      }
    },
    "root": {
      "inputs": {
        "fallback": "fallback",
        "feh-random-background": "feh-random-background",
        "flake-utils": "flake-utils",
        "hardware": "hardware",
        "home-manager": "home-manager",
        "master": "master",
        "nix2lua": "nix2lua",
        "nixpkgs": [
          "stable"
        ],
        "nur": "nur",
        "sops-nix": "sops-nix",
        "stable": "stable",
        "unstable": "unstable",
        "wallpapers": "wallpapers"
      }
    },
    "sops-nix": {
      "inputs": {
        "nixpkgs": "nixpkgs",
        "nixpkgs-stable": "nixpkgs-stable"
      },
      "locked": {
        "lastModified": 1716692524,
        "narHash": "sha256-sALodaA7Zkp/JD6ehgwc0UCBrSBfB4cX66uFGTsqeFU=",
        "owner": "Mic92",
        "repo": "sops-nix",
        "rev": "962797a8d7f15ed7033031731d0bb77244839960",
        "type": "github"
      },
      "original": {
        "owner": "Mic92",
        "repo": "sops-nix",
        "type": "github"
      }
    },
    "stable": {
      "locked": {
        "lastModified": 1717144377,
        "narHash": "sha256-F/TKWETwB5RaR8owkPPi+SPJh83AQsm6KrQAlJ8v/uA=",
        "owner": "nixos",
        "repo": "nixpkgs",
        "rev": "805a384895c696f802a9bf5bf4720f37385df547",
        "type": "github"
      },
      "original": {
        "owner": "nixos",
        "ref": "nixos-24.05",
        "repo": "nixpkgs",
        "type": "github"
      }
    },
    "unstable": {
      "locked": {
        "lastModified": 1716948383,
        "narHash": "sha256-SzDKxseEcHR5KzPXLwsemyTR/kaM9whxeiJohbL04rs=",
        "owner": "nixos",
        "repo": "nixpkgs",
        "rev": "ad57eef4ef0659193044870c731987a6df5cf56b",
        "type": "github"
      },
      "original": {
        "owner": "nixos",
        "ref": "nixos-unstable",
        "repo": "nixpkgs",
        "type": "github"
      }
    },
    "wallpapers": {
      "flake": false,
      "locked": {
        "lastModified": 1656339717,
        "narHash": "sha256-d5x2wM5gFvO3aR1exjFRHhzcNEXTR7VzUYDdYXBl0CI=",
        "owner": "DPDmancul",
        "repo": "dotfiles-wallpapers",
        "rev": "c53efad749e18886619e50bb9348d963022174b8",
        "type": "gitlab"
      },
      "original": {
        "owner": "DPDmancul",
        "repo": "dotfiles-wallpapers",
        "type": "gitlab"
      }
    }
  },
  "root": "root",
  "version": 7
}
